
Microsoft Visual Studio Solution File, Format Version 12.00
# Visual Studio Version 17
VisualStudioVersion = 17.3.32901.215
MinimumVisualStudioVersion = 10.0.40219.1
Project("{FAE04EC0-301F-11D3-BF4B-00C04F79EFBC}") = "ControleDeContatos", "ControleDeContatos\ControleDeContatos.csproj", "{87320248-07D7-4AC0-BAC3-4EE05484D892}"
EndProject
Global
	GlobalSection(SolutionConfigurationPlatforms) = preSolution
		Debug|Any CPU = Debug|Any CPU
		Release|Any CPU = Release|Any CPU
	EndGlobalSection
	GlobalSection(ProjectConfigurationPlatforms) = postSolution
		{87320248-07D7-4AC0-BAC3-4EE05484D892}.Debug|Any CPU.ActiveCfg = Debug|Any CPU
		{87320248-07D7-4AC0-BAC3-4EE05484D892}.Debug|Any CPU.Build.0 = Debug|Any CPU
		{87320248-07D7-4AC0-BAC3-4EE05484D892}.Release|Any CPU.ActiveCfg = Release|Any CPU
		{87320248-07D7-4AC0-BAC3-4EE05484D892}.Release|Any CPU.Build.0 = Release|Any CPU
	EndGlobalSection
	GlobalSection(SolutionProperties) = preSolution
		HideSolutionNode = FALSE
	EndGlobalSection
	GlobalSection(ExtensibilityGlobals) = postSolution
		SolutionGuid = {C1504573-150E-44ED-A275-12306A818ADD}
	EndGlobalSection
EndGlobal
